// !$*UTF8*$!
{
	archiveVersion = 1;
	classes = {
	};
	objectVersion = 77;
	objects = {

/* Begin PBXContainerItemProxy section */
		996CDE292E0EED0A00D8A8B1 /* PBXContainerItemProxy */ = {
			isa = PBXContainerItemProxy;
			containerPortal = 996CDE0E2E0EED0800D8A8B1 /* Project object */;
			proxyType = 1;
			remoteGlobalIDString = 996CDE152E0EED0800D8A8B1;
			remoteInfo = "fitness-tracker-ios";
		};
		996CDE332E0EED0A00D8A8B1 /* PBXContainerItemProxy */ = {
			isa = PBXContainerItemProxy;
			containerPortal = 996CDE0E2E0EED0800D8A8B1 /* Project object */;
			proxyType = 1;
			remoteGlobalIDString = 996CDE152E0EED0800D8A8B1;
			remoteInfo = "fitness-tracker-ios";
		};
/* End PBXContainerItemProxy section */

/* Begin PBXFileReference section */
		996CDE162E0EED0800D8A8B1 /* fitness-tracker-ios.app */ = {isa = PBXFileReference; explicitFileType = wrapper.application; includeInIndex = 0; path = "fitness-tracker-ios.app"; sourceTree = BUILT_PRODUCTS_DIR; };
		996CDE282E0EED0A00D8A8B1 /* fitness-tracker-iosTests.xctest */ = {isa = PBXFileReference; explicitFileType = wrapper.cfbundle; includeInIndex = 0; path = "fitness-tracker-iosTests.xctest"; sourceTree = BUILT_PRODUCTS_DIR; };
		996CDE322E0EED0A00D8A8B1 /* fitness-tracker-iosUITests.xctest */ = {isa = PBXFileReference; explicitFileType = wrapper.cfbundle; includeInIndex = 0; path = "fitness-tracker-iosUITests.xctest"; sourceTree = BUILT_PRODUCTS_DIR; };
/* End PBXFileReference section */

/* Begin PBXFileSystemSynchronizedBuildFileExceptionSet section */
		996CDE642E0EF39200D8A8B1 /* Exceptions for "fitness-tracker-ios" folder in "fitness-tracker-ios" target */ = {
			isa = PBXFileSystemSynchronizedBuildFileExceptionSet;
			membershipExceptions = (
				Info.plist,
			);
			target = 996CDE152E0EED0800D8A8B1 /* fitness-tracker-ios */;
		};
/* End PBXFileSystemSynchronizedBuildFileExceptionSet section */

/* Begin PBXFileSystemSynchronizedRootGroup section */
		996CDE182E0EED0800D8A8B1 /* fitness-tracker-ios */ = {
			isa = PBXFileSystemSynchronizedRootGroup;
			exceptions = (
				996CDE642E0EF39200D8A8B1 /* Exceptions for "fitness-tracker-ios" folder in "fitness-tracker-ios" target */,
			);
			path = "fitness-tracker-ios";
			sourceTree = "<group>";
		};
		996CDE2B2E0EED0A00D8A8B1 /* fitness-tracker-iosTests */ = {
			isa = PBXFileSystemSynchronizedRootGroup;
			path = "fitness-tracker-iosTests";
			sourceTree = "<group>";
		};
		996CDE352E0EED0A00D8A8B1 /* fitness-tracker-iosUITests */ = {
			isa = PBXFileSystemSynchronizedRootGroup;
			path = "fitness-tracker-iosUITests";
			sourceTree = "<group>";
		};
/* End PBXFileSystemSynchronizedRootGroup section */

/* Begin PBXFrameworksBuildPhase section */
		996CDE132E0EED0800D8A8B1 /* Frameworks */ = {
			isa = PBXFrameworksBuildPhase;
			buildActionMask = 2147483647;
			files = (
			);
			runOnlyForDeploymentPostprocessing = 0;
		};
		996CDE252E0EED0A00D8A8B1 /* Frameworks */ = {
			isa = PBXFrameworksBuildPhase;
			buildActionMask = 2147483647;
			files = (
			);
			runOnlyForDeploymentPostprocessing = 0;
		};
		996CDE2F2E0EED0A00D8A8B1 /* Frameworks */ = {
			isa = PBXFrameworksBuildPhase;
			buildActionMask = 2147483647;
			files = (
			);
			runOnlyForDeploymentPostprocessing = 0;
		};
/* End PBXFrameworksBuildPhase section */

/* Begin PBXGroup section */
		996CDE0D2E0EED0800D8A8B1 = {
			isa = PBXGroup;
			children = (
				996CDE182E0EED0800D8A8B1 /* fitness-tracker-ios */,
				996CDE2B2E0EED0A00D8A8B1 /* fitness-tracker-iosTests */,
				996CDE352E0EED0A00D8A8B1 /* fitness-tracker-iosUITests */,
				996CDE172E0EED0800D8A8B1 /* Products */,
			);
			sourceTree = "<group>";
		};
		996CDE172E0EED0800D8A8B1 /* Products */ = {
			isa = PBXGroup;
			children = (
				996CDE162E0EED0800D8A8B1 /* fitness-tracker-ios.app */,
				996CDE282E0EED0A00D8A8B1 /* fitness-tracker-iosTests.xctest */,
				996CDE322E0EED0A00D8A8B1 /* fitness-tracker-iosUITests.xctest */,
			);
			name = Products;
			sourceTree = "<group>";
		};
/* End PBXGroup section */

/* Begin PBXNativeTarget section */
		996CDE152E0EED0800D8A8B1 /* fitness-tracker-ios */ = {
			isa = PBXNativeTarget;
			buildConfigurationList = 996CDE3C2E0EED0A00D8A8B1 /* Build configuration list for PBXNativeTarget "fitness-tracker-ios" */;
			buildPhases = (
				996CDE122E0EED0800D8A8B1 /* Sources */,
				996CDE132E0EED0800D8A8B1 /* Frameworks */,
				996CDE142E0EED0800D8A8B1 /* Resources */,
			);
			buildRules = (
			);
			dependencies = (
			);
			fileSystemSynchronizedGroups = (
				996CDE182E0EED0800D8A8B1 /* fitness-tracker-ios */,
			);
			name = "fitness-tracker-ios";
			packageProductDependencies = (
			);
			productName = "fitness-tracker-ios";
			productReference = 996CDE162E0EED0800D8A8B1 /* fitness-tracker-ios.app */;
			productType = "com.apple.product-type.application";
		};
		996CDE272E0EED0A00D8A8B1 /* fitness-tracker-iosTests */ = {
			isa = PBXNativeTarget;
			buildConfigurationList = 996CDE3F2E0EED0A00D8A8B1 /* Build configuration list for PBXNativeTarget "fitness-tracker-iosTests" */;
			buildPhases = (
				996CDE242E0EED0A00D8A8B1 /* Sources */,
				996CDE252E0EED0A00D8A8B1 /* Frameworks */,
				996CDE262E0EED0A00D8A8B1 /* Resources */,
			);
			buildRules = (
			);
			dependencies = (
				996CDE2A2E0EED0A00D8A8B1 /* PBXTargetDependency */,
			);
			fileSystemSynchronizedGroups = (
				996CDE2B2E0EED0A00D8A8B1 /* fitness-tracker-iosTests */,
			);
			name = "fitness-tracker-iosTests";
			packageProductDependencies = (
			);
			productName = "fitness-tracker-iosTests";
			productReference = 996CDE282E0EED0A00D8A8B1 /* fitness-tracker-iosTests.xctest */;
			productType = "com.apple.product-type.bundle.unit-test";
		};
		996CDE312E0EED0A00D8A8B1 /* fitness-tracker-iosUITests */ = {
			isa = PBXNativeTarget;
			buildConfigurationList = 996CDE422E0EED0A00D8A8B1 /* Build configuration list for PBXNativeTarget "fitness-tracker-iosUITests" */;
			buildPhases = (
				996CDE2E2E0EED0A00D8A8B1 /* Sources */,
				996CDE2F2E0EED0A00D8A8B1 /* Frameworks */,
				996CDE302E0EED0A00D8A8B1 /* Resources */,
			);
			buildRules = (
			);
			dependencies = (
				996CDE342E0EED0A00D8A8B1 /* PBXTargetDependency */,
			);
			fileSystemSynchronizedGroups = (
				996CDE352E0EED0A00D8A8B1 /* fitness-tracker-iosUITests */,
			);
			name = "fitness-tracker-iosUITests";
			packageProductDependencies = (
			);
			productName = "fitness-tracker-iosUITests";
			productReference = 996CDE322E0EED0A00D8A8B1 /* fitness-tracker-iosUITests.xctest */;
			productType = "com.apple.product-type.bundle.ui-testing";
		};
/* End PBXNativeTarget section */

/* Begin PBXProject section */
		996CDE0E2E0EED0800D8A8B1 /* Project object */ = {
			isa = PBXProject;
			attributes = {
				BuildIndependentTargetsInParallel = 1;
				LastSwiftUpdateCheck = 1600;
				LastUpgradeCheck = 1600;
				TargetAttributes = {
					996CDE152E0EED0800D8A8B1 = {
						CreatedOnToolsVersion = 16.0;
					};
					996CDE272E0EED0A00D8A8B1 = {
						CreatedOnToolsVersion = 16.0;
						TestTargetID = 996CDE152E0EED0800D8A8B1;
					};
					996CDE312E0EED0A00D8A8B1 = {
						CreatedOnToolsVersion = 16.0;
						TestTargetID = 996CDE152E0EED0800D8A8B1;
					};
				};
			};
			buildConfigurationList = 996CDE112E0EED0800D8A8B1 /* Build configuration list for PBXProject "fitness-tracker-ios" */;
			developmentRegion = en;
			hasScannedForEncodings = 0;
			knownRegions = (
				en,
				Base,
			);
			mainGroup = 996CDE0D2E0EED0800D8A8B1;
			minimizedProjectReferenceProxies = 1;
			preferredProjectObjectVersion = 77;
			productRefGroup = 996CDE172E0EED0800D8A8B1 /* Products */;
			projectDirPath = "";
			projectRoot = "";
			targets = (
				996CDE152E0EED0800D8A8B1 /* fitness-tracker-ios */,
				996CDE272E0EED0A00D8A8B1 /* fitness-tracker-iosTests */,
				996CDE312E0EED0A00D8A8B1 /* fitness-tracker-iosUITests */,
			);
		};
/* End PBXProject section */

/* Begin PBXResourcesBuildPhase section */
		996CDE142E0EED0800D8A8B1 /* Resources */ = {
			isa = PBXResourcesBuildPhase;
			buildActionMask = 2147483647;
			files = (
			);
			runOnlyForDeploymentPostprocessing = 0;
		};
		996CDE262E0EED0A00D8A8B1 /* Resources */ = {
			isa = PBXResourcesBuildPhase;
			buildActionMask = 2147483647;
			files = (
			);
			runOnlyForDeploymentPostprocessing = 0;
		};
		996CDE302E0EED0A00D8A8B1 /* Resources */ = {
			isa = PBXResourcesBuildPhase;
			buildActionMask = 2147483647;
			files = (
			);
			runOnlyForDeploymentPostprocessing = 0;
		};
/* End PBXResourcesBuildPhase section */

/* Begin PBXSourcesBuildPhase section */
		996CDE122E0EED0800D8A8B1 /* Sources */ = {
			isa = PBXSourcesBuildPhase;
			buildActionMask = 2147483647;
			files = (
			);
			runOnlyForDeploymentPostprocessing = 0;
		};
		996CDE242E0EED0A00D8A8B1 /* Sources */ = {
			isa = PBXSourcesBuildPhase;
			buildActionMask = 2147483647;
			files = (
			);
			runOnlyForDeploymentPostprocessing = 0;
		};
		996CDE2E2E0EED0A00D8A8B1 /* Sources */ = {
			isa = PBXSourcesBuildPhase;
			buildActionMask = 2147483647;
			files = (
			);
			runOnlyForDeploymentPostprocessing = 0;
		};
/* End PBXSourcesBuildPhase section */

/* Begin PBXTargetDependency section */
		996CDE2A2E0EED0A00D8A8B1 /* PBXTargetDependency */ = {
			isa = PBXTargetDependency;
			target = 996CDE152E0EED0800D8A8B1 /* fitness-tracker-ios */;
			targetProxy = 996CDE292E0EED0A00D8A8B1 /* PBXContainerItemProxy */;
		};
		996CDE342E0EED0A00D8A8B1 /* PBXTargetDependency */ = {
			isa = PBXTargetDependency;
			target = 996CDE152E0EED0800D8A8B1 /* fitness-tracker-ios */;
			targetProxy = 996CDE332E0EED0A00D8A8B1 /* PBXContainerItemProxy */;
		};
/* End PBXTargetDependency section */

/* Begin XCBuildConfiguration section */
		996CDE3A2E0EED0A00D8A8B1 /* Debug */ = {
			isa = XCBuildConfiguration;
			buildSettings = {
				ALWAYS_SEARCH_USER_PATHS = NO;
				ASSETCATALOG_COMPILER_GENERATE_SWIFT_ASSET_SYMBOL_EXTENSIONS = YES;
				CLANG_ANALYZER_NONNULL = YES;
				CLANG_ANALYZER_NUMBER_OBJECT_CONVERSION = YES_AGGRESSIVE;
				CLANG_CXX_LANGUAGE_STANDARD = "gnu++20";
				CLANG_ENABLE_MODULES = YES;
				CLANG_ENABLE_OBJC_ARC = YES;
				CLANG_ENABLE_OBJC_WEAK = YES;
				CLANG_WARN_BLOCK_CAPTURE_AUTORELEASING = YES;
				CLANG_WARN_BOOL_CONVERSION = YES;
				CLANG_WARN_COMMA = YES;
				CLANG_WARN_CONSTANT_CONVERSION = YES;
				CLANG_WARN_DEPRECATED_OBJC_IMPLEMENTATIONS = YES;
				CLANG_WARN_DIRECT_OBJC_ISA_USAGE = YES_ERROR;
				CLANG_WARN_DOCUMENTATION_COMMENTS = YES;
				CLANG_WARN_EMPTY_BODY = YES;
				CLANG_WARN_ENUM_CONVERSION = YES;
				CLANG_WARN_INFINITE_RECURSION = YES;
				CLANG_WARN_INT_CONVERSION = YES;
				CLANG_WARN_NON_LITERAL_NULL_CONVERSION = YES;
				CLANG_WARN_OBJC_IMPLICIT_RETAIN_SELF = YES;
				CLANG_WARN_OBJC_LITERAL_CONVERSION = YES;
				CLANG_WARN_OBJC_ROOT_CLASS = YES_ERROR;
				CLANG_WARN_QUOTED_INCLUDE_IN_FRAMEWORK_HEADER = YES;
				CLANG_WARN_RANGE_LOOP_ANALYSIS = YES;
				CLANG_WARN_STRICT_PROTOTYPES = YES;
				CLANG_WARN_SUSPICIOUS_MOVE = YES;
				CLANG_WARN_UNGUARDED_AVAILABILITY = YES_AGGRESSIVE;
				CLANG_WARN_UNREACHABLE_CODE = YES;
				CLANG_WARN__DUPLICATE_METHOD_MATCH = YES;
				COPY_PHASE_STRIP = NO;
				DEBUG_INFORMATION_FORMAT = dwarf;
				ENABLE_STRICT_OBJC_MSGSEND = YES;
				ENABLE_TESTABILITY = YES;
				ENABLE_USER_SCRIPT_SANDBOXING = YES;
				GCC_C_LANGUAGE_STANDARD = gnu17;
				GCC_DYNAMIC_NO_PIC = NO;
				GCC_NO_COMMON_BLOCKS = YES;
				GCC_OPTIMIZATION_LEVEL = 0;
				GCC_PREPROCESSOR_DEFINITIONS = (
					"DEBUG=1",
					"$(inherited)",
				);
				GCC_WARN_64_TO_32_BIT_CONVERSION = YES;
				GCC_WARN_ABOUT_RETURN_TYPE = YES_ERROR;
				GCC_WARN_UNDECLARED_SELECTOR = YES;
				GCC_WARN_UNINITIALIZED_AUTOS = YES_AGGRESSIVE;
				GCC_WARN_UNUSED_FUNCTION = YES;
				GCC_WARN_UNUSED_VARIABLE = YES;
				IPHONEOS_DEPLOYMENT_TARGET = 18.0;
				LOCALIZATION_PREFERS_STRING_CATALOGS = YES;
				MTL_ENABLE_DEBUG_INFO = INCLUDE_SOURCE;
				MTL_FAST_MATH = YES;
				ONLY_ACTIVE_ARCH = YES;
				SDKROOT = iphoneos;
				SWIFT_ACTIVE_COMPILATION_CONDITIONS = "DEBUG $(inherited)";
				SWIFT_OPTIMIZATION_LEVEL = "-Onone";
			};
			name = Debug;
		};
		996CDE3B2E0EED0A00D8A8B1 /* Release */ = {
			isa = XCBuildConfiguration;
			buildSettings = {
				ALWAYS_SEARCH_USER_PATHS = NO;
				ASSETCATALOG_COMPILER_GENERATE_SWIFT_ASSET_SYMBOL_EXTENSIONS = YES;
				CLANG_ANALYZER_NONNULL = YES;
				CLANG_ANALYZER_NUMBER_OBJECT_CONVERSION = YES_AGGRESSIVE;
				CLANG_CXX_LANGUAGE_STANDARD = "gnu++20";
				CLANG_ENABLE_MODULES = YES;
				CLANG_ENABLE_OBJC_ARC = YES;
				CLANG_ENABLE_OBJC_WEAK = YES;
				CLANG_WARN_BLOCK_CAPTURE_AUTORELEASING = YES;
				CLANG_WARN_BOOL_CONVERSION = YES;
				CLANG_WARN_COMMA = YES;
				CLANG_WARN_CONSTANT_CONVERSION = YES;
				CLANG_WARN_DEPRECATED_OBJC_IMPLEMENTATIONS = YES;
				CLANG_WARN_DIRECT_OBJC_ISA_USAGE = YES_ERROR;
				CLANG_WARN_DOCUMENTATION_COMMENTS = YES;
				CLANG_WARN_EMPTY_BODY = YES;
				CLANG_WARN_ENUM_CONVERSION = YES;
				CLANG_WARN_INFINITE_RECURSION = YES;
				CLANG_WARN_INT_CONVERSION = YES;
				CLANG_WARN_NON_LITERAL_NULL_CONVERSION = YES;
				CLANG_WARN_OBJC_IMPLICIT_RETAIN_SELF = YES;
				CLANG_WARN_OBJC_LITERAL_CONVERSION = YES;
				CLANG_WARN_OBJC_ROOT_CLASS = YES_ERROR;
				CLANG_WARN_QUOTED_INCLUDE_IN_FRAMEWORK_HEADER = YES;
				CLANG_WARN_RANGE_LOOP_ANALYSIS = YES;
				CLANG_WARN_STRICT_PROTOTYPES = YES;
				CLANG_WARN_SUSPICIOUS_MOVE = YES;
				CLANG_WARN_UNGUARDED_AVAILABILITY = YES_AGGRESSIVE;
				CLANG_WARN_UNREACHABLE_CODE = YES;
				CLANG_WARN__DUPLICATE_METHOD_MATCH = YES;
				COPY_PHASE_STRIP = NO;
				DEBUG_INFORMATION_FORMAT = "dwarf-with-dsym";
				ENABLE_NS_ASSERTIONS = NO;
				ENABLE_STRICT_OBJC_MSGSEND = YES;
				ENABLE_USER_SCRIPT_SANDBOXING = YES;
				GCC_C_LANGUAGE_STANDARD = gnu17;
				GCC_NO_COMMON_BLOCKS = YES;
				GCC_WARN_64_TO_32_BIT_CONVERSION = YES;
				GCC_WARN_ABOUT_RETURN_TYPE = YES_ERROR;
				GCC_WARN_UNDECLARED_SELECTOR = YES;
				GCC_WARN_UNINITIALIZED_AUTOS = YES_AGGRESSIVE;
				GCC_WARN_UNUSED_FUNCTION = YES;
				GCC_WARN_UNUSED_VARIABLE = YES;
				IPHONEOS_DEPLOYMENT_TARGET = 18.0;
				LOCALIZATION_PREFERS_STRING_CATALOGS = YES;
				MTL_ENABLE_DEBUG_INFO = NO;
				MTL_FAST_MATH = YES;
				SDKROOT = iphoneos;
				SWIFT_COMPILATION_MODE = wholemodule;
				VALIDATE_PRODUCT = YES;
			};
			name = Release;
		};
		996CDE3D2E0EED0A00D8A8B1 /* Debug */ = {
			isa = XCBuildConfiguration;
			buildSettings = {
				ASSETCATALOG_COMPILER_APPICON_NAME = AppIcon;
				ASSETCATALOG_COMPILER_GLOBAL_ACCENT_COLOR_NAME = AccentColor;
				CODE_SIGN_ENTITLEMENTS = "fitness-tracker-ios/fitness-tracker-ios.entitlements";
				CODE_SIGN_STYLE = Automatic;
				CURRENT_PROJECT_VERSION = 1;
				DEVELOPMENT_ASSET_PATHS = "\"fitness-tracker-ios/Preview Content\"";
				DEVELOPMENT_TEAM = 52LU863YVH;
				ENABLE_PREVIEWS = YES;
				GENERATE_INFOPLIST_FILE = YES;
				INFOPLIST_FILE = "fitness-tracker-ios/Info.plist";
				INFOPLIST_KEY_UIApplicationSceneManifest_Generation = YES;
				INFOPLIST_KEY_UIApplicationSupportsIndirectInputEvents = YES;
				INFOPLIST_KEY_UILaunchScreen_Generation = YES;
				INFOPLIST_KEY_UISupportedInterfaceOrientations_iPad = "UIInterfaceOrientationPortrait UIInterfaceOrientationPortraitUpsideDown UIInterfaceOrientationLandscapeLeft UIInterfaceOrientationLandscapeRight";
				INFOPLIST_KEY_UISupportedInterfaceOrientations_iPhone = "UIInterfaceOrientationPortrait UIInterfaceOrientationLandscapeLeft UIInterfaceOrientationLandscapeRight";
				LD_RUNPATH_SEARCH_PATHS = (
					"$(inherited)",
					"@executable_path/Frameworks",
				);
				MARKETING_VERSION = 1.0;
				PRODUCT_BUNDLE_IDENTIFIER = "com.takuto.fitness-tracker-ios";
				PRODUCT_NAME = "$(TARGET_NAME)";
				SWIFT_EMIT_LOC_STRINGS = YES;
				SWIFT_VERSION = 5.0;
				TARGETED_DEVICE_FAMILY = "1,2";
			};
			name = Debug;
		};
		996CDE3E2E0EED0A00D8A8B1 /* Release */ = {
			isa = XCBuildConfiguration;
			buildSettings = {
				ASSETCATALOG_COMPILER_APPICON_NAME = AppIcon;
				ASSETCATALOG_COMPILER_GLOBAL_ACCENT_COLOR_NAME = AccentColor;
				CODE_SIGN_ENTITLEMENTS = "fitness-tracker-ios/fitness-tracker-ios.entitlements";
				CODE_SIGN_STYLE = Automatic;
				CURRENT_PROJECT_VERSION = 1;
				DEVELOPMENT_ASSET_PATHS = "\"fitness-tracker-ios/Preview Content\"";
				DEVELOPMENT_TEAM = 52LU863YVH;
				ENABLE_PREVIEWS = YES;
				GENERATE_INFOPLIST_FILE = YES;
				INFOPLIST_FILE = "fitness-tracker-ios/Info.plist";
				INFOPLIST_KEY_UIApplicationSceneManifest_Generation = YES;
				INFOPLIST_KEY_UIApplicationSupportsIndirectInputEvents = YES;
				INFOPLIST_KEY_UILaunchScreen_Generation = YES;
				INFOPLIST_KEY_UISupportedInterfaceOrientations_iPad = "UIInterfaceOrientationPortrait UIInterfaceOrientationPortraitUpsideDown UIInterfaceOrientationLandscapeLeft UIInterfaceOrientationLandscapeRight";
				INFOPLIST_KEY_UISupportedInterfaceOrientations_iPhone = "UIInterfaceOrientationPortrait UIInterfaceOrientationLandscapeLeft UIInterfaceOrientationLandscapeRight";
				LD_RUNPATH_SEARCH_PATHS = (
					"$(inherited)",
					"@executable_path/Frameworks",
				);
				MARKETING_VERSION = 1.0;
				PRODUCT_BUNDLE_IDENTIFIER = "com.takuto.fitness-tracker-ios";
				PRODUCT_NAME = "$(TARGET_NAME)";
				SWIFT_EMIT_LOC_STRINGS = YES;
				SWIFT_VERSION = 5.0;
				TARGETED_DEVICE_FAMILY = "1,2";
			};
			name = Release;
		};
		996CDE402E0EED0A00D8A8B1 /* Debug */ = {
			isa = XCBuildConfiguration;
			buildSettings = {
				BUNDLE_LOADER = "$(TEST_HOST)";
				CODE_SIGN_STYLE = Automatic;
				CURRENT_PROJECT_VERSION = 1;
				DEVELOPMENT_TEAM = 52LU863YVH;
				GENERATE_INFOPLIST_FILE = YES;
				IPHONEOS_DEPLOYMENT_TARGET = 18.0;
				MARKETING_VERSION = 1.0;
				PRODUCT_BUNDLE_IDENTIFIER = "com.takuto.fitness-tracker-iosTests";
				PRODUCT_NAME = "$(TARGET_NAME)";
				SWIFT_EMIT_LOC_STRINGS = NO;
				SWIFT_VERSION = 5.0;
				TARGETED_DEVICE_FAMILY = "1,2";
				TEST_HOST = "$(BUILT_PRODUCTS_DIR)/fitness-tracker-ios.app/$(BUNDLE_EXECUTABLE_FOLDER_PATH)/fitness-tracker-ios";
			};
			name = Debug;
		};
		996CDE412E0EED0A00D8A8B1 /* Release */ = {
			isa = XCBuildConfiguration;
			buildSettings = {
				BUNDLE_LOADER = "$(TEST_HOST)";
				CODE_SIGN_STYLE = Automatic;
				CURRENT_PROJECT_VERSION = 1;
				DEVELOPMENT_TEAM = 52LU863YVH;
				GENERATE_INFOPLIST_FILE = YES;
				IPHONEOS_DEPLOYMENT_TARGET = 18.0;
				MARKETING_VERSION = 1.0;
				PRODUCT_BUNDLE_IDENTIFIER = "com.takuto.fitness-tracker-iosTests";
				PRODUCT_NAME = "$(TARGET_NAME)";
				SWIFT_EMIT_LOC_STRINGS = NO;
				SWIFT_VERSION = 5.0;
				TARGETED_DEVICE_FAMILY = "1,2";
				TEST_HOST = "$(BUILT_PRODUCTS_DIR)/fitness-tracker-ios.app/$(BUNDLE_EXECUTABLE_FOLDER_PATH)/fitness-tracker-ios";
			};
			name = Release;
		};
		996CDE432E0EED0A00D8A8B1 /* Debug */ = {
			isa = XCBuildConfiguration;
			buildSettings = {
				CODE_SIGN_STYLE = Automatic;
				CURRENT_PROJECT_VERSION = 1;
				DEVELOPMENT_TEAM = 52LU863YVH;
				GENERATE_INFOPLIST_FILE = YES;
				MARKETING_VERSION = 1.0;
				PRODUCT_BUNDLE_IDENTIFIER = "com.takuto.fitness-tracker-iosUITests";
				PRODUCT_NAME = "$(TARGET_NAME)";
				SWIFT_EMIT_LOC_STRINGS = NO;
				SWIFT_VERSION = 5.0;
				TARGETED_DEVICE_FAMILY = "1,2";
				TEST_TARGET_NAME = "fitness-tracker-ios";
			};
			name = Debug;
		};
		996CDE442E0EED0A00D8A8B1 /* Release */ = {
			isa = XCBuildConfiguration;
			buildSettings = {
				CODE_SIGN_STYLE = Automatic;
				CURRENT_PROJECT_VERSION = 1;
				DEVELOPMENT_TEAM = 52LU863YVH;
				GENERATE_INFOPLIST_FILE = YES;
				MARKETING_VERSION = 1.0;
				PRODUCT_BUNDLE_IDENTIFIER = "com.takuto.fitness-tracker-iosUITests";
				PRODUCT_NAME = "$(TARGET_NAME)";
				SWIFT_EMIT_LOC_STRINGS = NO;
				SWIFT_VERSION = 5.0;
				TARGETED_DEVICE_FAMILY = "1,2";
				TEST_TARGET_NAME = "fitness-tracker-ios";
			};
			name = Release;
		};
/* End XCBuildConfiguration section */

/* Begin XCConfigurationList section */
		996CDE112E0EED0800D8A8B1 /* Build configuration list for PBXProject "fitness-tracker-ios" */ = {
			isa = XCConfigurationList;
			buildConfigurations = (
				996CDE3A2E0EED0A00D8A8B1 /* Debug */,
				996CDE3B2E0EED0A00D8A8B1 /* Release */,
			);
			defaultConfigurationIsVisible = 0;
			defaultConfigurationName = Release;
		};
		996CDE3C2E0EED0A00D8A8B1 /* Build configuration list for PBXNativeTarget "fitness-tracker-ios" */ = {
			isa = XCConfigurationList;
			buildConfigurations = (
				996CDE3D2E0EED0A00D8A8B1 /* Debug */,
				996CDE3E2E0EED0A00D8A8B1 /* Release */,
			);
			defaultConfigurationIsVisible = 0;
			defaultConfigurationName = Release;
		};
		996CDE3F2E0EED0A00D8A8B1 /* Build configuration list for PBXNativeTarget "fitness-tracker-iosTests" */ = {
			isa = XCConfigurationList;
			buildConfigurations = (
				996CDE402E0EED0A00D8A8B1 /* Debug */,
				996CDE412E0EED0A00D8A8B1 /* Release */,
			);
			defaultConfigurationIsVisible = 0;
			defaultConfigurationName = Release;
		};
		996CDE422E0EED0A00D8A8B1 /* Build configuration list for PBXNativeTarget "fitness-tracker-iosUITests" */ = {
			isa = XCConfigurationList;
			buildConfigurations = (
				996CDE432E0EED0A00D8A8B1 /* Debug */,
				996CDE442E0EED0A00D8A8B1 /* Release */,
			);
			defaultConfigurationIsVisible = 0;
			defaultConfigurationName = Release;
		};
/* End XCConfigurationList section */
	};
	rootObject = 996CDE0E2E0EED0800D8A8B1 /* Project object */;
}
